// !$*UTF8*$!
{
	archiveVersion = 1;
	classes = {
	};
	objectVersion = 77;
	objects = {

/* Begin PBXBuildFile section */
		03ACBA8C51D54FD32280A8E9 /* CRWV.json in Resources */ = {isa = PBXBuildFile; fileRef = F689FC0CB4F8B01EE4C4B1C4 /* CRWV.json */; };
		03E085E9A8D6C35465BC1520 /* Exporter.swift in Sources */ = {isa = PBXBuildFile; fileRef = BC933DEDE177B7935DF124C9 /* Exporter.swift */; };
		083F3581611D5E21D30EFE4C /* ExplainViews.swift in Sources */ = {isa = PBXBuildFile; fileRef = 58DBC1A2858240171F95189B /* ExplainViews.swift */; };
		0B4D918DD8A954615F4A7F43 /* ReportCardLayout.swift in Sources */ = {isa = PBXBuildFile; fileRef = 1CF331D2C6AAEA02B5C72FDA /* ReportCardLayout.swift */; };
		0BB46564FD3C46CD7A80C44E /* DossierView.swift in Sources */ = {isa = PBXBuildFile; fileRef = D8C04C1974599039FEB6F870 /* DossierView.swift */; };
		0C3D0C6657F3AA9FA75E66A7 /* MarginOfSafetyView.swift in Sources */ = {isa = PBXBuildFile; fileRef = 9047AF702CA9D5061FABA1FF /* MarginOfSafetyView.swift */; };
		0F0A7F62B3A1D5DDEE8EF4BC /* ShareCardView.swift in Sources */ = {isa = PBXBuildFile; fileRef = 5295BB2379D69947D0EDD444 /* ShareCardView.swift */; };
		1EB863BB628BD2DD8125BE6D /* CaseStudyView.swift in Sources */ = {isa = PBXBuildFile; fileRef = 04CDD9F59AAA2D8AAF8AA34A /* CaseStudyView.swift */; };
		23B716BF4FF96B048CBA5211 /* KO.json in Resources */ = {isa = PBXBuildFile; fileRef = 6824CE7A8843FFD85FD18DCC /* KO.json */; };
		2CEC1A4571D531C9D483A5F0 /* AAPL.json in Resources */ = {isa = PBXBuildFile; fileRef = 15EC3465FADA4B4DF8DBC951 /* AAPL.json */; };
		2F063405C38709B89C73A9A1 /* Identity.swift in Sources */ = {isa = PBXBuildFile; fileRef = 3C36AAD6F63B1113A18354AB /* Identity.swift */; };
		43FA3BE9EDEF282EAFBAC800 /* CompanyDetailView.swift in Sources */ = {isa = PBXBuildFile; fileRef = D5B6F7420AF70A9854D8231F /* CompanyDetailView.swift */; };
		460805DB73A3824BC5551855 /* AppSettings.swift in Sources */ = {isa = PBXBuildFile; fileRef = 8111CC9E464DFABF1A2F9270 /* AppSettings.swift */; };
		489707EC6556F9C8AE9D1373 /* ExpertBody.swift in Sources */ = {isa = PBXBuildFile; fileRef = 8AB55F035150C6D994195F08 /* ExpertBody.swift */; };
		49E6F5826DBF807D57E07645 /* WatchlistStore.swift in Sources */ = {isa = PBXBuildFile; fileRef = F9AEED314DF764CAEEF2CC9C /* WatchlistStore.swift */; };
		4E3082FC71A6F24106DAC3C1 /* RequiredComponents.swift in Sources */ = {isa = PBXBuildFile; fileRef = 6249289AD4515856983C7EE4 /* RequiredComponents.swift */; };
		4F05C103A7A445E2C8966C1F /* Theme.swift in Sources */ = {isa = PBXBuildFile; fileRef = DBB47EAD56F25075486E3A65 /* Theme.swift */; };
		563F829E9A60346C9786CBE3 /* CoverageGapCard.swift in Sources */ = {isa = PBXBuildFile; fileRef = 3F3218A417367A2F5A9E3476 /* CoverageGapCard.swift */; };
		5A07A1A0BC124BC2AA287000 /* ValuationRepository.swift in Sources */ = {isa = PBXBuildFile; fileRef = 78A4A835F0EC58DE68BE74F9 /* ValuationRepository.swift */; };
		5B57A92F829F4D1FCA3A0FC8 /* ClassicLayout.swift in Sources */ = {isa = PBXBuildFile; fileRef = 7C2B9E34FEA57B70B638DC23 /* ClassicLayout.swift */; };
		5DBCB9DF0085217FFFCF91FF /* rates.json in Resources */ = {isa = PBXBuildFile; fileRef = 2B1C1148B8A673BC52165E8D /* rates.json */; };
		5E55F3A541CF9B0EDB504946 /* GlossaryView.swift in Sources */ = {isa = PBXBuildFile; fileRef = 070A0FF05C2C083C8FB8F36F /* GlossaryView.swift */; };
		6119CA8B0347CFBDE3FAF17D /* Formatters.swift in Sources */ = {isa = PBXBuildFile; fileRef = 56C043C8119525143FFB7C42 /* Formatters.swift */; };
		651AD149EA9758DE3F13F3C4 /* ThemeTests.swift in Sources */ = {isa = PBXBuildFile; fileRef = 263AD4A3166856508C9C775D /* ThemeTests.swift */; };
		6B4B634737935EF98ADE30CF /* ValueLensTests.swift in Sources */ = {isa = PBXBuildFile; fileRef = 5856ECA7F48C2ED9D111CF0B /* ValueLensTests.swift */; };
		71EA8DA535ECC68D0940C120 /* AGNC.json in Resources */ = {isa = PBXBuildFile; fileRef = B391B8D9182B0A531D4AD8F4 /* AGNC.json */; };
		745D392E4C3CA4D5BB7BDFFD /* ThemePalette.swift in Sources */ = {isa = PBXBuildFile; fileRef = 57A092DE101A083E52C686FB /* ThemePalette.swift */; };
		7FF00B198D4240252B2C11D4 /* ValuationCore.xcframework in Frameworks */ = {isa = PBXBuildFile; fileRef = 43D36BD403078C5709F7FF7A /* ValuationCore.xcframework */; };
		80EA9A94EF2BD9D704067699 /* MSFT.json in Resources */ = {isa = PBXBuildFile; fileRef = F423BFE4865CBAE084D7C598 /* MSFT.json */; };
		88FF4BBF0BA4DA663435FFAA /* SearchView.swift in Sources */ = {isa = PBXBuildFile; fileRef = 7C00A5297374505B57523778 /* SearchView.swift */; };
		8983B812D72FA8135CB756F4 /* WatchlistView.swift in Sources */ = {isa = PBXBuildFile; fileRef = 7748DEB7230EEA4CC058323D /* WatchlistView.swift */; };
		8995C4700D4DD80960465581 /* ValuationReport.swift in Sources */ = {isa = PBXBuildFile; fileRef = 7AE70A4B292870DAFC649FAF /* ValuationReport.swift */; };
		96CAAD56DB778F2075267214 /* JPM.json in Resources */ = {isa = PBXBuildFile; fileRef = A52A6D05EA847678F0390C6D /* JPM.json */; };
		9A6C48CD303B7414F0264129 /* O.json in Resources */ = {isa = PBXBuildFile; fileRef = 88D3A095F609E8BFFBCF541E /* O.json */; };
		9CAC5FF43A8E43F0CCF37C4E /* CompanyViewModel.swift in Sources */ = {isa = PBXBuildFile; fileRef = 1EC1AEBA453D2052D2086EDD /* CompanyViewModel.swift */; };
		9CD8A86C612EAF2F547F2EBB /* CoreValuationRepository.swift in Sources */ = {isa = PBXBuildFile; fileRef = C77388731AFFA62409AB7DCD /* CoreValuationRepository.swift */; };
		A0F062DAD8E884965CD94B2D /* KeychainStore.swift in Sources */ = {isa = PBXBuildFile; fileRef = ED4CA76E5A25F2C0FA1889C6 /* KeychainStore.swift */; };
		A1CD4707B5CDB794E4DAD6C0 /* Assets.xcassets in Resources */ = {isa = PBXBuildFile; fileRef = FAC3C817B428D42604856D88 /* Assets.xcassets */; };
		A45F8526CDC915D2D27FC287 /* LayoutContractTests.swift in Sources */ = {isa = PBXBuildFile; fileRef = 1BA4ADA0220EB92A9C757D29 /* LayoutContractTests.swift */; };
		AC7BE9CA035657034FC653A7 /* OnboardingFlow.swift in Sources */ = {isa = PBXBuildFile; fileRef = 86E311EF4DF9987D997F058F /* OnboardingFlow.swift */; };
		BA2A1EC70C01453FED2CBF3B /* MCD.json in Resources */ = {isa = PBXBuildFile; fileRef = BD6522D1912134BBFBA51763 /* MCD.json */; };
		C116C68A0632FF6FADD6BAB7 /* LayoutStyle.swift in Sources */ = {isa = PBXBuildFile; fileRef = 78BBA3DBCED5551B4994AAD6 /* LayoutStyle.swift */; };
		C31EF9E367860AC017094E42 /* ValueLensApp.swift in Sources */ = {isa = PBXBuildFile; fileRef = E50CCF8165A7C93B1F85A1F5 /* ValueLensApp.swift */; };
		C7D72794400109CEFF6CFE08 /* AccentPicker.swift in Sources */ = {isa = PBXBuildFile; fileRef = 836635629ACB84C624E3A37A /* AccentPicker.swift */; };
		C8A48CA59817C486507DECD9 /* GateFailed.json in Resources */ = {isa = PBXBuildFile; fileRef = BD68CA04544283316D330C2E /* GateFailed.json */; };
		D4B96328671050DF7F869DA6 /* SettingsView.swift in Sources */ = {isa = PBXBuildFile; fileRef = E5086FDE0F067158F24661A0 /* SettingsView.swift */; };
		E666A05AA194F613B9C61C45 /* MetricRow.swift in Sources */ = {isa = PBXBuildFile; fileRef = E1C0F4EA23293AB9E82A1525 /* MetricRow.swift */; };
		F7B895159BD986E7CFCFD3A0 /* HistoryViews.swift in Sources */ = {isa = PBXBuildFile; fileRef = CA7BFE79DA868AD4461872CE /* HistoryViews.swift */; };
/* End PBXBuildFile section */

/* Begin PBXContainerItemProxy section */
		A0BCA93E0C0884C88B89B28D /* PBXContainerItemProxy */ = {
			isa = PBXContainerItemProxy;
			containerPortal = CEB1D16AE2B5D31315DD9FD4 /* Project object */;
			proxyType = 1;
			remoteGlobalIDString = 5189EB9D6760E402628D94BC;
			remoteInfo = ValueLens;
		};
/* End PBXContainerItemProxy section */

/* Begin PBXFileReference section */
		04CDD9F59AAA2D8AAF8AA34A /* CaseStudyView.swift */ = {isa = PBXFileReference; lastKnownFileType = sourcecode.swift; path = CaseStudyView.swift; sourceTree = "<group>"; };
		070A0FF05C2C083C8FB8F36F /* GlossaryView.swift */ = {isa = PBXFileReference; lastKnownFileType = sourcecode.swift; path = GlossaryView.swift; sourceTree = "<group>"; };
		15EC3465FADA4B4DF8DBC951 /* AAPL.json */ = {isa = PBXFileReference; lastKnownFileType = text.json; path = AAPL.json; sourceTree = "<group>"; };
		1BA4ADA0220EB92A9C757D29 /* LayoutContractTests.swift */ = {isa = PBXFileReference; lastKnownFileType = sourcecode.swift; path = LayoutContractTests.swift; sourceTree = "<group>"; };
		1CF331D2C6AAEA02B5C72FDA /* ReportCardLayout.swift */ = {isa = PBXFileReference; lastKnownFileType = sourcecode.swift; path = ReportCardLayout.swift; sourceTree = "<group>"; };
		1EC1AEBA453D2052D2086EDD /* CompanyViewModel.swift */ = {isa = PBXFileReference; lastKnownFileType = sourcecode.swift; path = CompanyViewModel.swift; sourceTree = "<group>"; };
		22EE3D26153E84F4C07598DE /* Info.plist */ = {isa = PBXFileReference; lastKnownFileType = text.plist; path = Info.plist; sourceTree = "<group>"; };
		263AD4A3166856508C9C775D /* ThemeTests.swift */ = {isa = PBXFileReference; lastKnownFileType = sourcecode.swift; path = ThemeTests.swift; sourceTree = "<group>"; };
		2B1C1148B8A673BC52165E8D /* rates.json */ = {isa = PBXFileReference; lastKnownFileType = text.json; path = rates.json; sourceTree = "<group>"; };
		3C36AAD6F63B1113A18354AB /* Identity.swift */ = {isa = PBXFileReference; lastKnownFileType = sourcecode.swift; path = Identity.swift; sourceTree = "<group>"; };
		3F3218A417367A2F5A9E3476 /* CoverageGapCard.swift */ = {isa = PBXFileReference; lastKnownFileType = sourcecode.swift; path = CoverageGapCard.swift; sourceTree = "<group>"; };
		43D36BD403078C5709F7FF7A /* ValuationCore.xcframework */ = {isa = PBXFileReference; lastKnownFileType = wrapper.xcframework; name = ValuationCore.xcframework; path = "../../packages/valuation-core/build/XCFrameworks/release/ValuationCore.xcframework"; sourceTree = "<group>"; };
		5295BB2379D69947D0EDD444 /* ShareCardView.swift */ = {isa = PBXFileReference; lastKnownFileType = sourcecode.swift; path = ShareCardView.swift; sourceTree = "<group>"; };
		56C043C8119525143FFB7C42 /* Formatters.swift */ = {isa = PBXFileReference; lastKnownFileType = sourcecode.swift; path = Formatters.swift; sourceTree = "<group>"; };
		57A092DE101A083E52C686FB /* ThemePalette.swift */ = {isa = PBXFileReference; lastKnownFileType = sourcecode.swift; path = ThemePalette.swift; sourceTree = "<group>"; };
		5856ECA7F48C2ED9D111CF0B /* ValueLensTests.swift */ = {isa = PBXFileReference; lastKnownFileType = sourcecode.swift; path = ValueLensTests.swift; sourceTree = "<group>"; };
		58DBC1A2858240171F95189B /* ExplainViews.swift */ = {isa = PBXFileReference; lastKnownFileType = sourcecode.swift; path = ExplainViews.swift; sourceTree = "<group>"; };
		6249289AD4515856983C7EE4 /* RequiredComponents.swift */ = {isa = PBXFileReference; lastKnownFileType = sourcecode.swift; path = RequiredComponents.swift; sourceTree = "<group>"; };
		6824CE7A8843FFD85FD18DCC /* KO.json */ = {isa = PBXFileReference; lastKnownFileType = text.json; path = KO.json; sourceTree = "<group>"; };
		7748DEB7230EEA4CC058323D /* WatchlistView.swift */ = {isa = PBXFileReference; lastKnownFileType = sourcecode.swift; path = WatchlistView.swift; sourceTree = "<group>"; };
		78A4A835F0EC58DE68BE74F9 /* ValuationRepository.swift */ = {isa = PBXFileReference; lastKnownFileType = sourcecode.swift; path = ValuationRepository.swift; sourceTree = "<group>"; };
		78BBA3DBCED5551B4994AAD6 /* LayoutStyle.swift */ = {isa = PBXFileReference; lastKnownFileType = sourcecode.swift; path = LayoutStyle.swift; sourceTree = "<group>"; };
		7AE70A4B292870DAFC649FAF /* ValuationReport.swift */ = {isa = PBXFileReference; lastKnownFileType = sourcecode.swift; path = ValuationReport.swift; sourceTree = "<group>"; };
		7C00A5297374505B57523778 /* SearchView.swift */ = {isa = PBXFileReference; lastKnownFileType = sourcecode.swift; path = SearchView.swift; sourceTree = "<group>"; };
		7C2B9E34FEA57B70B638DC23 /* ClassicLayout.swift */ = {isa = PBXFileReference; lastKnownFileType = sourcecode.swift; path = ClassicLayout.swift; sourceTree = "<group>"; };
		803AB71A36B0E9BDE5AE5933 /* ValueLensTests.xctest */ = {isa = PBXFileReference; includeInIndex = 0; lastKnownFileType = wrapper.cfbundle; path = ValueLensTests.xctest; sourceTree = BUILT_PRODUCTS_DIR; };
		8111CC9E464DFABF1A2F9270 /* AppSettings.swift */ = {isa = PBXFileReference; lastKnownFileType = sourcecode.swift; path = AppSettings.swift; sourceTree = "<group>"; };
		836635629ACB84C624E3A37A /* AccentPicker.swift */ = {isa = PBXFileReference; lastKnownFileType = sourcecode.swift; path = AccentPicker.swift; sourceTree = "<group>"; };
		86E311EF4DF9987D997F058F /* OnboardingFlow.swift */ = {isa = PBXFileReference; lastKnownFileType = sourcecode.swift; path = OnboardingFlow.swift; sourceTree = "<group>"; };
		88D3A095F609E8BFFBCF541E /* O.json */ = {isa = PBXFileReference; lastKnownFileType = text.json; path = O.json; sourceTree = "<group>"; };
		8AB55F035150C6D994195F08 /* ExpertBody.swift */ = {isa = PBXFileReference; lastKnownFileType = sourcecode.swift; path = ExpertBody.swift; sourceTree = "<group>"; };
		9047AF702CA9D5061FABA1FF /* MarginOfSafetyView.swift */ = {isa = PBXFileReference; lastKnownFileType = sourcecode.swift; path = MarginOfSafetyView.swift; sourceTree = "<group>"; };
		A52A6D05EA847678F0390C6D /* JPM.json */ = {isa = PBXFileReference; lastKnownFileType = text.json; path = JPM.json; sourceTree = "<group>"; };
		B391B8D9182B0A531D4AD8F4 /* AGNC.json */ = {isa = PBXFileReference; lastKnownFileType = text.json; path = AGNC.json; sourceTree = "<group>"; };
		BC933DEDE177B7935DF124C9 /* Exporter.swift */ = {isa = PBXFileReference; lastKnownFileType = sourcecode.swift; path = Exporter.swift; sourceTree = "<group>"; };
		BD6522D1912134BBFBA51763 /* MCD.json */ = {isa = PBXFileReference; lastKnownFileType = text.json; path = MCD.json; sourceTree = "<group>"; };
		BD68CA04544283316D330C2E /* GateFailed.json */ = {isa = PBXFileReference; lastKnownFileType = text.json; path = GateFailed.json; sourceTree = "<group>"; };
		C77388731AFFA62409AB7DCD /* CoreValuationRepository.swift */ = {isa = PBXFileReference; lastKnownFileType = sourcecode.swift; path = CoreValuationRepository.swift; sourceTree = "<group>"; };
		CA7BFE79DA868AD4461872CE /* HistoryViews.swift */ = {isa = PBXFileReference; lastKnownFileType = sourcecode.swift; path = HistoryViews.swift; sourceTree = "<group>"; };
		D5B6F7420AF70A9854D8231F /* CompanyDetailView.swift */ = {isa = PBXFileReference; lastKnownFileType = sourcecode.swift; path = CompanyDetailView.swift; sourceTree = "<group>"; };
		D8C04C1974599039FEB6F870 /* DossierView.swift */ = {isa = PBXFileReference; lastKnownFileType = sourcecode.swift; path = DossierView.swift; sourceTree = "<group>"; };
		DBB47EAD56F25075486E3A65 /* Theme.swift */ = {isa = PBXFileReference; lastKnownFileType = sourcecode.swift; path = Theme.swift; sourceTree = "<group>"; };
		E1C0F4EA23293AB9E82A1525 /* MetricRow.swift */ = {isa = PBXFileReference; lastKnownFileType = sourcecode.swift; path = MetricRow.swift; sourceTree = "<group>"; };
		E5086FDE0F067158F24661A0 /* SettingsView.swift */ = {isa = PBXFileReference; lastKnownFileType = sourcecode.swift; path = SettingsView.swift; sourceTree = "<group>"; };
		E50CCF8165A7C93B1F85A1F5 /* ValueLensApp.swift */ = {isa = PBXFileReference; lastKnownFileType = sourcecode.swift; path = ValueLensApp.swift; sourceTree = "<group>"; };
		ED4CA76E5A25F2C0FA1889C6 /* KeychainStore.swift */ = {isa = PBXFileReference; lastKnownFileType = sourcecode.swift; path = KeychainStore.swift; sourceTree = "<group>"; };
		EF10E1CC7D9B0394D1E0E983 /* ValueLens.app */ = {isa = PBXFileReference; includeInIndex = 0; lastKnownFileType = wrapper.application; path = ValueLens.app; sourceTree = BUILT_PRODUCTS_DIR; };
		F423BFE4865CBAE084D7C598 /* MSFT.json */ = {isa = PBXFileReference; lastKnownFileType = text.json; path = MSFT.json; sourceTree = "<group>"; };
		F689FC0CB4F8B01EE4C4B1C4 /* CRWV.json */ = {isa = PBXFileReference; lastKnownFileType = text.json; path = CRWV.json; sourceTree = "<group>"; };
		F9AEED314DF764CAEEF2CC9C /* WatchlistStore.swift */ = {isa = PBXFileReference; lastKnownFileType = sourcecode.swift; path = WatchlistStore.swift; sourceTree = "<group>"; };
		FAC3C817B428D42604856D88 /* Assets.xcassets */ = {isa = PBXFileReference; lastKnownFileType = folder.assetcatalog; path = Assets.xcassets; sourceTree = "<group>"; };
/* End PBXFileReference section */

/* Begin PBXFrameworksBuildPhase section */
		BB28825F59DFEB8A9765862A /* Frameworks */ = {
			isa = PBXFrameworksBuildPhase;
			buildActionMask = 2147483647;
			files = (
				7FF00B198D4240252B2C11D4 /* ValuationCore.xcframework in Frameworks */,
			);
			runOnlyForDeploymentPostprocessing = 0;
		};
/* End PBXFrameworksBuildPhase section */

/* Begin PBXGroup section */
		04B414C34AA855A13F1774C8 /* Search */ = {
			isa = PBXGroup;
			children = (
				7C00A5297374505B57523778 /* SearchView.swift */,
			);
			path = Search;
			sourceTree = "<group>";
		};
		0635A963E78E872CDA15EF59 /* Domain */ = {
			isa = PBXGroup;
			children = (
				126D1A363B6FC26418D320CC /* Models */,
				D16D90CD013F3B60D77FDDF6 /* Repositories */,
			);
			path = Domain;
			sourceTree = "<group>";
		};
		126D1A363B6FC26418D320CC /* Models */ = {
			isa = PBXGroup;
			children = (
				3C36AAD6F63B1113A18354AB /* Identity.swift */,
				7AE70A4B292870DAFC649FAF /* ValuationReport.swift */,
			);
			path = Models;
			sourceTree = "<group>";
		};
		167F8F0B39AE174471C7D6E4 /* Features */ = {
			isa = PBXGroup;
			children = (
				F2DE502DF2156F9A6F360031 /* Company */,
				308AE776AD712AFCD8EC0412 /* Export */,
				50A54E90CE8EB4D6DFA675D1 /* Onboarding */,
				04B414C34AA855A13F1774C8 /* Search */,
				CBB7778F7B1200B0B33C961F /* Settings */,
				1D451B286B93AC1DC44FD3A7 /* Watchlist */,
			);
			path = Features;
			sourceTree = "<group>";
		};
		195E604168C7222C30533960 /* Resources */ = {
			isa = PBXGroup;
			children = (
				FAC3C817B428D42604856D88 /* Assets.xcassets */,
				8521EE9049F300A545D81A90 /* SampleData */,
			);
			path = Resources;
			sourceTree = "<group>";
		};
		1A44740A8A592BF1027BD5B5 /* App */ = {
			isa = PBXGroup;
			children = (
				E50CCF8165A7C93B1F85A1F5 /* ValueLensApp.swift */,
			);
			path = App;
			sourceTree = "<group>";
		};
		1D451B286B93AC1DC44FD3A7 /* Watchlist */ = {
			isa = PBXGroup;
			children = (
				7748DEB7230EEA4CC058323D /* WatchlistView.swift */,
			);
			path = Watchlist;
			sourceTree = "<group>";
		};
		2B9A037FCA88EDF0CA01684D = {
			isa = PBXGroup;
			children = (
				64BAC03B6AE889A83DC301F6 /* ValueLens */,
				78AEB3D327D59A466138D5F9 /* ValueLensTests */,
				40F7E6DC33C8614DD01D8A20 /* Frameworks */,
				80E80B4FD36B076824222FE5 /* Products */,
			);
			sourceTree = "<group>";
		};
		308AE776AD712AFCD8EC0412 /* Export */ = {
			isa = PBXGroup;
			children = (
				D8C04C1974599039FEB6F870 /* DossierView.swift */,
				BC933DEDE177B7935DF124C9 /* Exporter.swift */,
				5295BB2379D69947D0EDD444 /* ShareCardView.swift */,
			);
			path = Export;
			sourceTree = "<group>";
		};
		40F7E6DC33C8614DD01D8A20 /* Frameworks */ = {
			isa = PBXGroup;
			children = (
				43D36BD403078C5709F7FF7A /* ValuationCore.xcframework */,
			);
			name = Frameworks;
			sourceTree = "<group>";
		};
		509ABD7878ABA228149B5464 /* DesignSystem */ = {
			isa = PBXGroup;
			children = (
				3F3218A417367A2F5A9E3476 /* CoverageGapCard.swift */,
				58DBC1A2858240171F95189B /* ExplainViews.swift */,
				56C043C8119525143FFB7C42 /* Formatters.swift */,
				78BBA3DBCED5551B4994AAD6 /* LayoutStyle.swift */,
				9047AF702CA9D5061FABA1FF /* MarginOfSafetyView.swift */,
				E1C0F4EA23293AB9E82A1525 /* MetricRow.swift */,
				6249289AD4515856983C7EE4 /* RequiredComponents.swift */,
				DBB47EAD56F25075486E3A65 /* Theme.swift */,
				57A092DE101A083E52C686FB /* ThemePalette.swift */,
			);
			path = DesignSystem;
			sourceTree = "<group>";
		};
		50A54E90CE8EB4D6DFA675D1 /* Onboarding */ = {
			isa = PBXGroup;
			children = (
				04CDD9F59AAA2D8AAF8AA34A /* CaseStudyView.swift */,
				86E311EF4DF9987D997F058F /* OnboardingFlow.swift */,
			);
			path = Onboarding;
			sourceTree = "<group>";
		};
		5D2B819D6BA5759BD1AE92A8 /* Layouts */ = {
			isa = PBXGroup;
			children = (
				7C2B9E34FEA57B70B638DC23 /* ClassicLayout.swift */,
				8AB55F035150C6D994195F08 /* ExpertBody.swift */,
				1CF331D2C6AAEA02B5C72FDA /* ReportCardLayout.swift */,
			);
			path = Layouts;
			sourceTree = "<group>";
		};
		64BAC03B6AE889A83DC301F6 /* ValueLens */ = {
			isa = PBXGroup;
			children = (
				22EE3D26153E84F4C07598DE /* Info.plist */,
				1A44740A8A592BF1027BD5B5 /* App */,
				8CAC3FFD98F472578F13ECC0 /* Data */,
				509ABD7878ABA228149B5464 /* DesignSystem */,
				0635A963E78E872CDA15EF59 /* Domain */,
				167F8F0B39AE174471C7D6E4 /* Features */,
				195E604168C7222C30533960 /* Resources */,
			);
			path = ValueLens;
			sourceTree = "<group>";
		};
		78AEB3D327D59A466138D5F9 /* ValueLensTests */ = {
			isa = PBXGroup;
			children = (
				1BA4ADA0220EB92A9C757D29 /* LayoutContractTests.swift */,
				263AD4A3166856508C9C775D /* ThemeTests.swift */,
				5856ECA7F48C2ED9D111CF0B /* ValueLensTests.swift */,
				A8A1D8349A8BAD1E4FF86FDD /* Fixtures */,
			);
			path = ValueLensTests;
			sourceTree = "<group>";
		};
		80E80B4FD36B076824222FE5 /* Products */ = {
			isa = PBXGroup;
			children = (
				EF10E1CC7D9B0394D1E0E983 /* ValueLens.app */,
				803AB71A36B0E9BDE5AE5933 /* ValueLensTests.xctest */,
			);
			name = Products;
			sourceTree = "<group>";
		};
		8521EE9049F300A545D81A90 /* SampleData */ = {
			isa = PBXGroup;
			children = (
				15EC3465FADA4B4DF8DBC951 /* AAPL.json */,
				6824CE7A8843FFD85FD18DCC /* KO.json */,
				F423BFE4865CBAE084D7C598 /* MSFT.json */,
				2B1C1148B8A673BC52165E8D /* rates.json */,
			);
			path = SampleData;
			sourceTree = "<group>";
		};
		8CAC3FFD98F472578F13ECC0 /* Data */ = {
			isa = PBXGroup;
			children = (
				8111CC9E464DFABF1A2F9270 /* AppSettings.swift */,
				C77388731AFFA62409AB7DCD /* CoreValuationRepository.swift */,
				ED4CA76E5A25F2C0FA1889C6 /* KeychainStore.swift */,
				F9AEED314DF764CAEEF2CC9C /* WatchlistStore.swift */,
			);
			path = Data;
			sourceTree = "<group>";
		};
		A8A1D8349A8BAD1E4FF86FDD /* Fixtures */ = {
			isa = PBXGroup;
			children = (
				B391B8D9182B0A531D4AD8F4 /* AGNC.json */,
				F689FC0CB4F8B01EE4C4B1C4 /* CRWV.json */,
				BD68CA04544283316D330C2E /* GateFailed.json */,
				A52A6D05EA847678F0390C6D /* JPM.json */,
				BD6522D1912134BBFBA51763 /* MCD.json */,
				88D3A095F609E8BFFBCF541E /* O.json */,
			);
			path = Fixtures;
			sourceTree = "<group>";
		};
		CBB7778F7B1200B0B33C961F /* Settings */ = {
			isa = PBXGroup;
			children = (
				836635629ACB84C624E3A37A /* AccentPicker.swift */,
				070A0FF05C2C083C8FB8F36F /* GlossaryView.swift */,
				E5086FDE0F067158F24661A0 /* SettingsView.swift */,
			);
			path = Settings;
			sourceTree = "<group>";
		};
		D16D90CD013F3B60D77FDDF6 /* Repositories */ = {
			isa = PBXGroup;
			children = (
				78A4A835F0EC58DE68BE74F9 /* ValuationRepository.swift */,
			);
			path = Repositories;
			sourceTree = "<group>";
		};
		F2DE502DF2156F9A6F360031 /* Company */ = {
			isa = PBXGroup;
			children = (
				D5B6F7420AF70A9854D8231F /* CompanyDetailView.swift */,
				1EC1AEBA453D2052D2086EDD /* CompanyViewModel.swift */,
				CA7BFE79DA868AD4461872CE /* HistoryViews.swift */,
				5D2B819D6BA5759BD1AE92A8 /* Layouts */,
			);
			path = Company;
			sourceTree = "<group>";
		};
/* End PBXGroup section */

/* Begin PBXNativeTarget section */
		5189EB9D6760E402628D94BC /* ValueLens */ = {
			isa = PBXNativeTarget;
			buildConfigurationList = 2F78B5ABD48ABCBACA9158A8 /* Build configuration list for PBXNativeTarget "ValueLens" */;
			buildPhases = (
				E1FD00DADE6F7D67756ED378 /* Build ValuationCore.xcframework if missing */,
				5054D22DA233B7E985B0E0B1 /* Sources */,
				8078CF2A680EB4D415638086 /* Resources */,
				BB28825F59DFEB8A9765862A /* Frameworks */,
			);
			buildRules = (
			);
			dependencies = (
			);
			name = ValueLens;
			packageProductDependencies = (
			);
			productName = ValueLens;
			productReference = EF10E1CC7D9B0394D1E0E983 /* ValueLens.app */;
			productType = "com.apple.product-type.application";
		};
		D8A0A6B5A191E64F42DAFEF6 /* ValueLensTests */ = {
			isa = PBXNativeTarget;
			buildConfigurationList = 8E0BE734E44D938EEA230499 /* Build configuration list for PBXNativeTarget "ValueLensTests" */;
			buildPhases = (
				F170925CA0941A6B10786FDF /* Sources */,
				C06AA877513D2A1E52EF9ED3 /* Resources */,
			);
			buildRules = (
			);
			dependencies = (
				E9C72B9C02521D3ABDA23615 /* PBXTargetDependency */,
			);
			name = ValueLensTests;
			packageProductDependencies = (
			);
			productName = ValueLensTests;
			productReference = 803AB71A36B0E9BDE5AE5933 /* ValueLensTests.xctest */;
			productType = "com.apple.product-type.bundle.unit-test";
		};
/* End PBXNativeTarget section */

/* Begin PBXProject section */
		CEB1D16AE2B5D31315DD9FD4 /* Project object */ = {
			isa = PBXProject;
			attributes = {
				BuildIndependentTargetsInParallel = YES;
				LastUpgradeCheck = 2600;
				TargetAttributes = {
					5189EB9D6760E402628D94BC = {
						DevelopmentTeam = "";
						ProvisioningStyle = Automatic;
					};
					D8A0A6B5A191E64F42DAFEF6 = {
						DevelopmentTeam = "";
						ProvisioningStyle = Automatic;
					};
				};
			};
			buildConfigurationList = 46E0A0771BE5D6AB623AC166 /* Build configuration list for PBXProject "ValueLens" */;
			developmentRegion = en;
			hasScannedForEncodings = 0;
			knownRegions = (
				Base,
				en,
			);
			mainGroup = 2B9A037FCA88EDF0CA01684D;
			minimizedProjectReferenceProxies = 1;
			preferredProjectObjectVersion = 77;
			productRefGroup = 80E80B4FD36B076824222FE5 /* Products */;
			projectDirPath = "";
			projectRoot = "";
			targets = (
				5189EB9D6760E402628D94BC /* ValueLens */,
				D8A0A6B5A191E64F42DAFEF6 /* ValueLensTests */,
			);
		};
/* End PBXProject section */

/* Begin PBXResourcesBuildPhase section */
		8078CF2A680EB4D415638086 /* Resources */ = {
			isa = PBXResourcesBuildPhase;
			buildActionMask = 2147483647;
			files = (
				2CEC1A4571D531C9D483A5F0 /* AAPL.json in Resources */,
				A1CD4707B5CDB794E4DAD6C0 /* Assets.xcassets in Resources */,
				23B716BF4FF96B048CBA5211 /* KO.json in Resources */,
				80EA9A94EF2BD9D704067699 /* MSFT.json in Resources */,
				5DBCB9DF0085217FFFCF91FF /* rates.json in Resources */,
			);
			runOnlyForDeploymentPostprocessing = 0;
		};
		C06AA877513D2A1E52EF9ED3 /* Resources */ = {
			isa = PBXResourcesBuildPhase;
			buildActionMask = 2147483647;
			files = (
				71EA8DA535ECC68D0940C120 /* AGNC.json in Resources */,
				03ACBA8C51D54FD32280A8E9 /* CRWV.json in Resources */,
				C8A48CA59817C486507DECD9 /* GateFailed.json in Resources */,
				96CAAD56DB778F2075267214 /* JPM.json in Resources */,
				BA2A1EC70C01453FED2CBF3B /* MCD.json in Resources */,
				9A6C48CD303B7414F0264129 /* O.json in Resources */,
			);
			runOnlyForDeploymentPostprocessing = 0;
		};
/* End PBXResourcesBuildPhase section */

/* Begin PBXShellScriptBuildPhase section */
		E1FD00DADE6F7D67756ED378 /* Build ValuationCore.xcframework if missing */ = {
			isa = PBXShellScriptBuildPhase;
			alwaysOutOfDate = 1;
			buildActionMask = 2147483647;
			files = (
			);
			inputFileListPaths = (
			);
			inputPaths = (
			);
			name = "Build ValuationCore.xcframework if missing";
			outputFileListPaths = (
			);
			outputPaths = (
			);
			runOnlyForDeploymentPostprocessing = 0;
			shellPath = /bin/sh;
			shellScript = "set -e\nFW=\"$SRCROOT/../../packages/valuation-core/build/XCFrameworks/release/ValuationCore.xcframework\"\nif [ ! -d \"$FW\" ]; then\n  cd \"$SRCROOT/../android\"\n  export JAVA_HOME=\"${JAVA_HOME:-/Applications/Android Studio.app/Contents/jbr/Contents/Home}\"\n  ./gradlew :valuation-core:assembleValuationCoreReleaseXCFramework -q\nfi\n";
		};
/* End PBXShellScriptBuildPhase section */

/* Begin PBXSourcesBuildPhase section */
		5054D22DA233B7E985B0E0B1 /* Sources */ = {
			isa = PBXSourcesBuildPhase;
			buildActionMask = 2147483647;
			files = (
				C7D72794400109CEFF6CFE08 /* AccentPicker.swift in Sources */,
				460805DB73A3824BC5551855 /* AppSettings.swift in Sources */,
				1EB863BB628BD2DD8125BE6D /* CaseStudyView.swift in Sources */,
				5B57A92F829F4D1FCA3A0FC8 /* ClassicLayout.swift in Sources */,
				43FA3BE9EDEF282EAFBAC800 /* CompanyDetailView.swift in Sources */,
				9CAC5FF43A8E43F0CCF37C4E /* CompanyViewModel.swift in Sources */,
				9CD8A86C612EAF2F547F2EBB /* CoreValuationRepository.swift in Sources */,
				563F829E9A60346C9786CBE3 /* CoverageGapCard.swift in Sources */,
				0BB46564FD3C46CD7A80C44E /* DossierView.swift in Sources */,
				489707EC6556F9C8AE9D1373 /* ExpertBody.swift in Sources */,
				083F3581611D5E21D30EFE4C /* ExplainViews.swift in Sources */,
				03E085E9A8D6C35465BC1520 /* Exporter.swift in Sources */,
				6119CA8B0347CFBDE3FAF17D /* Formatters.swift in Sources */,
				5E55F3A541CF9B0EDB504946 /* GlossaryView.swift in Sources */,
				F7B895159BD986E7CFCFD3A0 /* HistoryViews.swift in Sources */,
				2F063405C38709B89C73A9A1 /* Identity.swift in Sources */,
				A0F062DAD8E884965CD94B2D /* KeychainStore.swift in Sources */,
				C116C68A0632FF6FADD6BAB7 /* LayoutStyle.swift in Sources */,
				0C3D0C6657F3AA9FA75E66A7 /* MarginOfSafetyView.swift in Sources */,
				E666A05AA194F613B9C61C45 /* MetricRow.swift in Sources */,
				AC7BE9CA035657034FC653A7 /* OnboardingFlow.swift in Sources */,
				0B4D918DD8A954615F4A7F43 /* ReportCardLayout.swift in Sources */,
				4E3082FC71A6F24106DAC3C1 /* RequiredComponents.swift in Sources */,
				88FF4BBF0BA4DA663435FFAA /* SearchView.swift in Sources */,
				D4B96328671050DF7F869DA6 /* SettingsView.swift in Sources */,
				0F0A7F62B3A1D5DDEE8EF4BC /* ShareCardView.swift in Sources */,
				4F05C103A7A445E2C8966C1F /* Theme.swift in Sources */,
				745D392E4C3CA4D5BB7BDFFD /* ThemePalette.swift in Sources */,
				8995C4700D4DD80960465581 /* ValuationReport.swift in Sources */,
				5A07A1A0BC124BC2AA287000 /* ValuationRepository.swift in Sources */,
				C31EF9E367860AC017094E42 /* ValueLensApp.swift in Sources */,
				49E6F5826DBF807D57E07645 /* WatchlistStore.swift in Sources */,
				8983B812D72FA8135CB756F4 /* WatchlistView.swift in Sources */,
			);
			runOnlyForDeploymentPostprocessing = 0;
		};
		F170925CA0941A6B10786FDF /* Sources */ = {
			isa = PBXSourcesBuildPhase;
			buildActionMask = 2147483647;
			files = (
				A45F8526CDC915D2D27FC287 /* LayoutContractTests.swift in Sources */,
				651AD149EA9758DE3F13F3C4 /* ThemeTests.swift in Sources */,
				6B4B634737935EF98ADE30CF /* ValueLensTests.swift in Sources */,
			);
			runOnlyForDeploymentPostprocessing = 0;
		};
/* End PBXSourcesBuildPhase section */

/* Begin PBXTargetDependency section */
		E9C72B9C02521D3ABDA23615 /* PBXTargetDependency */ = {
			isa = PBXTargetDependency;
			target = 5189EB9D6760E402628D94BC /* ValueLens */;
			targetProxy = A0BCA93E0C0884C88B89B28D /* PBXContainerItemProxy */;
		};
/* End PBXTargetDependency section */

/* Begin XCBuildConfiguration section */
		01525BA99A91CD3EF93EE9FA /* Release */ = {
			isa = XCBuildConfiguration;
			buildSettings = {
				BUNDLE_LOADER = "$(TEST_HOST)";
				GENERATE_INFOPLIST_FILE = YES;
				LD_RUNPATH_SEARCH_PATHS = (
					"$(inherited)",
					"@executable_path/Frameworks",
					"@loader_path/Frameworks",
				);
				PRODUCT_BUNDLE_IDENTIFIER = com.swcsoftware.valuelens.tests;
				SDKROOT = iphoneos;
				TARGETED_DEVICE_FAMILY = "1,2";
				TEST_HOST = "$(BUILT_PRODUCTS_DIR)/ValueLens.app/ValueLens";
			};
			name = Release;
		};
		0A0C985C8C7EBC6B20A96709 /* Release */ = {
			isa = XCBuildConfiguration;
			buildSettings = {
				ALWAYS_SEARCH_USER_PATHS = NO;
				CLANG_ANALYZER_NONNULL = YES;
				CLANG_ANALYZER_NUMBER_OBJECT_CONVERSION = YES_AGGRESSIVE;
				CLANG_CXX_LANGUAGE_STANDARD = "gnu++14";
				CLANG_CXX_LIBRARY = "libc++";
				CLANG_ENABLE_MODULES = YES;
				CLANG_ENABLE_OBJC_ARC = YES;
				CLANG_ENABLE_OBJC_WEAK = YES;
				CLANG_WARN_BLOCK_CAPTURE_AUTORELEASING = YES;
				CLANG_WARN_BOOL_CONVERSION = YES;
				CLANG_WARN_COMMA = YES;
				CLANG_WARN_CONSTANT_CONVERSION = YES;
				CLANG_WARN_DEPRECATED_OBJC_IMPLEMENTATIONS = YES;
				CLANG_WARN_DIRECT_OBJC_ISA_USAGE = YES_ERROR;
				CLANG_WARN_DOCUMENTATION_COMMENTS = YES;
				CLANG_WARN_EMPTY_BODY = YES;
				CLANG_WARN_ENUM_CONVERSION = YES;
				CLANG_WARN_INFINITE_RECURSION = YES;
				CLANG_WARN_INT_CONVERSION = YES;
				CLANG_WARN_NON_LITERAL_NULL_CONVERSION = YES;
				CLANG_WARN_OBJC_IMPLICIT_RETAIN_SELF = YES;
				CLANG_WARN_OBJC_LITERAL_CONVERSION = YES;
				CLANG_WARN_OBJC_ROOT_CLASS = YES_ERROR;
				CLANG_WARN_QUOTED_INCLUDE_IN_FRAMEWORK_HEADER = YES;
				CLANG_WARN_RANGE_LOOP_ANALYSIS = YES;
				CLANG_WARN_STRICT_PROTOTYPES = YES;
				CLANG_WARN_SUSPICIOUS_MOVE = YES;
				CLANG_WARN_UNGUARDED_AVAILABILITY = YES_AGGRESSIVE;
				CLANG_WARN_UNREACHABLE_CODE = YES;
				CLANG_WARN__DUPLICATE_METHOD_MATCH = YES;
				CODE_SIGN_STYLE = Automatic;
				COPY_PHASE_STRIP = NO;
				CURRENT_PROJECT_VERSION = 1;
				DEBUG_INFORMATION_FORMAT = "dwarf-with-dsym";
				DEVELOPMENT_TEAM = "";
				ENABLE_NS_ASSERTIONS = NO;
				ENABLE_STRICT_OBJC_MSGSEND = YES;
				GCC_C_LANGUAGE_STANDARD = gnu11;
				GCC_NO_COMMON_BLOCKS = YES;
				GCC_WARN_64_TO_32_BIT_CONVERSION = YES;
				GCC_WARN_ABOUT_RETURN_TYPE = YES_ERROR;
				GCC_WARN_UNDECLARED_SELECTOR = YES;
				GCC_WARN_UNINITIALIZED_AUTOS = YES_AGGRESSIVE;
				GCC_WARN_UNUSED_FUNCTION = YES;
				GCC_WARN_UNUSED_VARIABLE = YES;
				IPHONEOS_DEPLOYMENT_TARGET = 17.0;
				MARKETING_VERSION = 0.1.0;
				MTL_ENABLE_DEBUG_INFO = NO;
				MTL_FAST_MATH = YES;
				PRODUCT_NAME = "$(TARGET_NAME)";
				SDKROOT = iphoneos;
				SWIFT_COMPILATION_MODE = wholemodule;
				SWIFT_OPTIMIZATION_LEVEL = "-O";
				SWIFT_VERSION = 5.10;
			};
			name = Release;
		};
		6A2957036358811DBB038A6B /* Debug */ = {
			isa = XCBuildConfiguration;
			buildSettings = {
				BUNDLE_LOADER = "$(TEST_HOST)";
				GENERATE_INFOPLIST_FILE = YES;
				LD_RUNPATH_SEARCH_PATHS = (
					"$(inherited)",
					"@executable_path/Frameworks",
					"@loader_path/Frameworks",
				);
				PRODUCT_BUNDLE_IDENTIFIER = com.swcsoftware.valuelens.tests;
				SDKROOT = iphoneos;
				TARGETED_DEVICE_FAMILY = "1,2";
				TEST_HOST = "$(BUILT_PRODUCTS_DIR)/ValueLens.app/ValueLens";
			};
			name = Debug;
		};
		AD51EB408CA4F0F929DAFF11 /* Debug */ = {
			isa = XCBuildConfiguration;
			buildSettings = {
				ASSETCATALOG_COMPILER_APPICON_NAME = AppIcon;
				ASSETCATALOG_COMPILER_GLOBAL_ACCENT_COLOR_NAME = AccentColor;
				CODE_SIGN_IDENTITY = "iPhone Developer";
				ENABLE_PREVIEWS = YES;
				FRAMEWORK_SEARCH_PATHS = (
					"$(inherited)",
					"\"../../packages/valuation-core/build/XCFrameworks/release\"",
				);
				INFOPLIST_FILE = ValueLens/Info.plist;
				LD_RUNPATH_SEARCH_PATHS = (
					"$(inherited)",
					"@executable_path/Frameworks",
				);
				PRODUCT_BUNDLE_IDENTIFIER = com.swcsoftware.valuelens;
				SDKROOT = iphoneos;
				SWIFT_STRICT_CONCURRENCY = minimal;
				TARGETED_DEVICE_FAMILY = 1;
			};
			name = Debug;
		};
		D2360680A306AD3119FB6155 /* Debug */ = {
			isa = XCBuildConfiguration;
			buildSettings = {
				ALWAYS_SEARCH_USER_PATHS = NO;
				CLANG_ANALYZER_NONNULL = YES;
				CLANG_ANALYZER_NUMBER_OBJECT_CONVERSION = YES_AGGRESSIVE;
				CLANG_CXX_LANGUAGE_STANDARD = "gnu++14";
				CLANG_CXX_LIBRARY = "libc++";
				CLANG_ENABLE_MODULES = YES;
				CLANG_ENABLE_OBJC_ARC = YES;
				CLANG_ENABLE_OBJC_WEAK = YES;
				CLANG_WARN_BLOCK_CAPTURE_AUTORELEASING = YES;
				CLANG_WARN_BOOL_CONVERSION = YES;
				CLANG_WARN_COMMA = YES;
				CLANG_WARN_CONSTANT_CONVERSION = YES;
				CLANG_WARN_DEPRECATED_OBJC_IMPLEMENTATIONS = YES;
				CLANG_WARN_DIRECT_OBJC_ISA_USAGE = YES_ERROR;
				CLANG_WARN_DOCUMENTATION_COMMENTS = YES;
				CLANG_WARN_EMPTY_BODY = YES;
				CLANG_WARN_ENUM_CONVERSION = YES;
				CLANG_WARN_INFINITE_RECURSION = YES;
				CLANG_WARN_INT_CONVERSION = YES;
				CLANG_WARN_NON_LITERAL_NULL_CONVERSION = YES;
				CLANG_WARN_OBJC_IMPLICIT_RETAIN_SELF = YES;
				CLANG_WARN_OBJC_LITERAL_CONVERSION = YES;
				CLANG_WARN_OBJC_ROOT_CLASS = YES_ERROR;
				CLANG_WARN_QUOTED_INCLUDE_IN_FRAMEWORK_HEADER = YES;
				CLANG_WARN_RANGE_LOOP_ANALYSIS = YES;
				CLANG_WARN_STRICT_PROTOTYPES = YES;
				CLANG_WARN_SUSPICIOUS_MOVE = YES;
				CLANG_WARN_UNGUARDED_AVAILABILITY = YES_AGGRESSIVE;
				CLANG_WARN_UNREACHABLE_CODE = YES;
				CLANG_WARN__DUPLICATE_METHOD_MATCH = YES;
				CODE_SIGN_STYLE = Automatic;
				COPY_PHASE_STRIP = NO;
				CURRENT_PROJECT_VERSION = 1;
				DEBUG_INFORMATION_FORMAT = dwarf;
				DEVELOPMENT_TEAM = "";
				ENABLE_STRICT_OBJC_MSGSEND = YES;
				ENABLE_TESTABILITY = YES;
				GCC_C_LANGUAGE_STANDARD = gnu11;
				GCC_DYNAMIC_NO_PIC = NO;
				GCC_NO_COMMON_BLOCKS = YES;
				GCC_OPTIMIZATION_LEVEL = 0;
				GCC_PREPROCESSOR_DEFINITIONS = (
					"$(inherited)",
					"DEBUG=1",
				);
				GCC_WARN_64_TO_32_BIT_CONVERSION = YES;
				GCC_WARN_ABOUT_RETURN_TYPE = YES_ERROR;
				GCC_WARN_UNDECLARED_SELECTOR = YES;
				GCC_WARN_UNINITIALIZED_AUTOS = YES_AGGRESSIVE;
				GCC_WARN_UNUSED_FUNCTION = YES;
				GCC_WARN_UNUSED_VARIABLE = YES;
				IPHONEOS_DEPLOYMENT_TARGET = 17.0;
				MARKETING_VERSION = 0.1.0;
				MTL_ENABLE_DEBUG_INFO = INCLUDE_SOURCE;
				MTL_FAST_MATH = YES;
				ONLY_ACTIVE_ARCH = YES;
				PRODUCT_NAME = "$(TARGET_NAME)";
				SDKROOT = iphoneos;
				SWIFT_ACTIVE_COMPILATION_CONDITIONS = DEBUG;
				SWIFT_OPTIMIZATION_LEVEL = "-Onone";
				SWIFT_VERSION = 5.10;
			};
			name = Debug;
		};
		FC36E4D6CED56A4C69DDFB17 /* Release */ = {
			isa = XCBuildConfiguration;
			buildSettings = {
				ASSETCATALOG_COMPILER_APPICON_NAME = AppIcon;
				ASSETCATALOG_COMPILER_GLOBAL_ACCENT_COLOR_NAME = AccentColor;
				CODE_SIGN_IDENTITY = "iPhone Developer";
				ENABLE_PREVIEWS = YES;
				FRAMEWORK_SEARCH_PATHS = (
					"$(inherited)",
					"\"../../packages/valuation-core/build/XCFrameworks/release\"",
				);
				INFOPLIST_FILE = ValueLens/Info.plist;
				LD_RUNPATH_SEARCH_PATHS = (
					"$(inherited)",
					"@executable_path/Frameworks",
				);
				PRODUCT_BUNDLE_IDENTIFIER = com.swcsoftware.valuelens;
				SDKROOT = iphoneos;
				SWIFT_STRICT_CONCURRENCY = minimal;
				TARGETED_DEVICE_FAMILY = 1;
			};
			name = Release;
		};
/* End XCBuildConfiguration section */

/* Begin XCConfigurationList section */
		2F78B5ABD48ABCBACA9158A8 /* Build configuration list for PBXNativeTarget "ValueLens" */ = {
			isa = XCConfigurationList;
			buildConfigurations = (
				AD51EB408CA4F0F929DAFF11 /* Debug */,
				FC36E4D6CED56A4C69DDFB17 /* Release */,
			);
			defaultConfigurationIsVisible = 0;
			defaultConfigurationName = Debug;
		};
		46E0A0771BE5D6AB623AC166 /* Build configuration list for PBXProject "ValueLens" */ = {
			isa = XCConfigurationList;
			buildConfigurations = (
				D2360680A306AD3119FB6155 /* Debug */,
				0A0C985C8C7EBC6B20A96709 /* Release */,
			);
			defaultConfigurationIsVisible = 0;
			defaultConfigurationName = Debug;
		};
		8E0BE734E44D938EEA230499 /* Build configuration list for PBXNativeTarget "ValueLensTests" */ = {
			isa = XCConfigurationList;
			buildConfigurations = (
				6A2957036358811DBB038A6B /* Debug */,
				01525BA99A91CD3EF93EE9FA /* Release */,
			);
			defaultConfigurationIsVisible = 0;
			defaultConfigurationName = Debug;
		};
/* End XCConfigurationList section */
	};
	rootObject = CEB1D16AE2B5D31315DD9FD4 /* Project object */;
}
